
Microsoft Visual Studio Solution File, Format Version 12.00
# Visual Studio Version 17
VisualStudioVersion = 17.6.33829.357
MinimumVisualStudioVersion = 10.0.40219.1
Project("{2150E333-8FDC-42A3-9474-1A3956D46DE8}") = "services", "services", "{66DF9191-0F5A-4968-91EB-0171395F883A}"
EndProject
Project("{2150E333-8FDC-42A3-9474-1A3956D46DE8}") = "catalog", "catalog", "{F09A661A-8E53-48C8-9AD6-91116B73A7DF}"
EndProject
Project("{9A19103F-16F7-4668-BE54-9A1E7A4F7556}") = "BU.OnlineShop.CatalogService.API", "services\catalog\BU.OnlineShop.CatalogService.API\BU.OnlineShop.CatalogService.API.csproj", "{670D91E5-2F9B-40A4-8D00-6A2DD28CFD68}"
EndProject
Project("{9A19103F-16F7-4668-BE54-9A1E7A4F7556}") = "BU.OnlineShop.CatalogService.Database", "services\catalog\BU.OnlineShop.CatalogService.Database\BU.OnlineShop.CatalogService.Database.csproj", "{2487CACB-0319-4D95-947D-BFCD0753A18F}"
EndProject
Project("{9A19103F-16F7-4668-BE54-9A1E7A4F7556}") = "BU.OnlineShop.CatalogService.Domain", "services\catalog\BU.OnlineShop.CatalogService.Domain\BU.OnlineShop.CatalogService.Domain.csproj", "{A81ABCBC-CEE8-4250-863C-25298DA51831}"
EndProject
Project("{9A19103F-16F7-4668-BE54-9A1E7A4F7556}") = "BU.OnlineShop.CatalogService.Domain.Shared", "services\catalog\BU.OnlineShop.CatalogService.Domain.Shared\BU.OnlineShop.CatalogService.Domain.Shared.csproj", "{E48F6ABC-B6C8-4A02-B174-E79809E686E9}"
EndProject
Project("{2150E333-8FDC-42A3-9474-1A3956D46DE8}") = "basket", "basket", "{16C2FACA-393C-4236-B887-793185D237C5}"
EndProject
Project("{9A19103F-16F7-4668-BE54-9A1E7A4F7556}") = "BU.OnlineShop.BasketService.API", "services\basket\BU.OnlineShop.BasketService.API\BU.OnlineShop.BasketService.API.csproj", "{31AF6C08-F742-4F8C-9465-37F0BF6265F5}"
EndProject
Project("{9A19103F-16F7-4668-BE54-9A1E7A4F7556}") = "BU.OnlineShop.BasketService.Database", "services\basket\BU.OnlineShop.BasketService.Database\BU.OnlineShop.BasketService.Database.csproj", "{62D484F2-64BE-47C7-B4E1-EC86A50DC430}"
EndProject
Project("{9A19103F-16F7-4668-BE54-9A1E7A4F7556}") = "BU.OnlineShop.BasketService.Domain", "services\basket\BU.OnlineShop.BasketService.Domain\BU.OnlineShop.BasketService.Domain.csproj", "{E507B2CC-4046-45BB-9756-8C1060E8E3E8}"
EndProject
Project("{9A19103F-16F7-4668-BE54-9A1E7A4F7556}") = "BU.OnlineShop.Shared", "shared\BU.OnlineShop.Shared\BU.OnlineShop.Shared.csproj", "{815CB803-E352-423C-AC2F-3FDA4800098E}"
EndProject
Project("{2150E333-8FDC-42A3-9474-1A3956D46DE8}") = "shared", "shared", "{7DF5B478-630D-42D9-8FEB-9F557750D620}"
EndProject
Project("{2150E333-8FDC-42A3-9474-1A3956D46DE8}") = "payment", "payment", "{BBED26CB-BF3F-4905-B0B2-15404A3601EA}"
EndProject
Project("{FAE04EC0-301F-11D3-BF4B-00C04F79EFBC}") = "BU.OnlineShop.PaymentService.API", "services\payment\BU.OnlineShop.PaymentService.API\BU.OnlineShop.PaymentService.API.csproj", "{FE656EC0-A38E-4CE2-950D-22FC685B49BF}"
EndProject
Global
	GlobalSection(SolutionConfigurationPlatforms) = preSolution
		Debug|Any CPU = Debug|Any CPU
		Release|Any CPU = Release|Any CPU
	EndGlobalSection
	GlobalSection(ProjectConfigurationPlatforms) = postSolution
		{670D91E5-2F9B-40A4-8D00-6A2DD28CFD68}.Debug|Any CPU.ActiveCfg = Debug|Any CPU
		{670D91E5-2F9B-40A4-8D00-6A2DD28CFD68}.Debug|Any CPU.Build.0 = Debug|Any CPU
		{670D91E5-2F9B-40A4-8D00-6A2DD28CFD68}.Release|Any CPU.ActiveCfg = Release|Any CPU
		{670D91E5-2F9B-40A4-8D00-6A2DD28CFD68}.Release|Any CPU.Build.0 = Release|Any CPU
		{2487CACB-0319-4D95-947D-BFCD0753A18F}.Debug|Any CPU.ActiveCfg = Debug|Any CPU
		{2487CACB-0319-4D95-947D-BFCD0753A18F}.Debug|Any CPU.Build.0 = Debug|Any CPU
		{2487CACB-0319-4D95-947D-BFCD0753A18F}.Release|Any CPU.ActiveCfg = Release|Any CPU
		{2487CACB-0319-4D95-947D-BFCD0753A18F}.Release|Any CPU.Build.0 = Release|Any CPU
		{A81ABCBC-CEE8-4250-863C-25298DA51831}.Debug|Any CPU.ActiveCfg = Debug|Any CPU
		{A81ABCBC-CEE8-4250-863C-25298DA51831}.Debug|Any CPU.Build.0 = Debug|Any CPU
		{A81ABCBC-CEE8-4250-863C-25298DA51831}.Release|Any CPU.ActiveCfg = Release|Any CPU
		{A81ABCBC-CEE8-4250-863C-25298DA51831}.Release|Any CPU.Build.0 = Release|Any CPU
		{E48F6ABC-B6C8-4A02-B174-E79809E686E9}.Debug|Any CPU.ActiveCfg = Debug|Any CPU
		{E48F6ABC-B6C8-4A02-B174-E79809E686E9}.Debug|Any CPU.Build.0 = Debug|Any CPU
		{E48F6ABC-B6C8-4A02-B174-E79809E686E9}.Release|Any CPU.ActiveCfg = Release|Any CPU
		{E48F6ABC-B6C8-4A02-B174-E79809E686E9}.Release|Any CPU.Build.0 = Release|Any CPU
		{31AF6C08-F742-4F8C-9465-37F0BF6265F5}.Debug|Any CPU.ActiveCfg = Debug|Any CPU
		{31AF6C08-F742-4F8C-9465-37F0BF6265F5}.Debug|Any CPU.Build.0 = Debug|Any CPU
		{31AF6C08-F742-4F8C-9465-37F0BF6265F5}.Release|Any CPU.ActiveCfg = Release|Any CPU
		{31AF6C08-F742-4F8C-9465-37F0BF6265F5}.Release|Any CPU.Build.0 = Release|Any CPU
		{62D484F2-64BE-47C7-B4E1-EC86A50DC430}.Debug|Any CPU.ActiveCfg = Debug|Any CPU
		{62D484F2-64BE-47C7-B4E1-EC86A50DC430}.Debug|Any CPU.Build.0 = Debug|Any CPU
		{62D484F2-64BE-47C7-B4E1-EC86A50DC430}.Release|Any CPU.ActiveCfg = Release|Any CPU
		{62D484F2-64BE-47C7-B4E1-EC86A50DC430}.Release|Any CPU.Build.0 = Release|Any CPU
		{E507B2CC-4046-45BB-9756-8C1060E8E3E8}.Debug|Any CPU.ActiveCfg = Debug|Any CPU
		{E507B2CC-4046-45BB-9756-8C1060E8E3E8}.Debug|Any CPU.Build.0 = Debug|Any CPU
		{E507B2CC-4046-45BB-9756-8C1060E8E3E8}.Release|Any CPU.ActiveCfg = Release|Any CPU
		{E507B2CC-4046-45BB-9756-8C1060E8E3E8}.Release|Any CPU.Build.0 = Release|Any CPU
		{815CB803-E352-423C-AC2F-3FDA4800098E}.Debug|Any CPU.ActiveCfg = Debug|Any CPU
		{815CB803-E352-423C-AC2F-3FDA4800098E}.Debug|Any CPU.Build.0 = Debug|Any CPU
		{815CB803-E352-423C-AC2F-3FDA4800098E}.Release|Any CPU.ActiveCfg = Release|Any CPU
		{815CB803-E352-423C-AC2F-3FDA4800098E}.Release|Any CPU.Build.0 = Release|Any CPU
		{FE656EC0-A38E-4CE2-950D-22FC685B49BF}.Debug|Any CPU.ActiveCfg = Debug|Any CPU
		{FE656EC0-A38E-4CE2-950D-22FC685B49BF}.Debug|Any CPU.Build.0 = Debug|Any CPU
		{FE656EC0-A38E-4CE2-950D-22FC685B49BF}.Release|Any CPU.ActiveCfg = Release|Any CPU
		{FE656EC0-A38E-4CE2-950D-22FC685B49BF}.Release|Any CPU.Build.0 = Release|Any CPU
	EndGlobalSection
	GlobalSection(SolutionProperties) = preSolution
		HideSolutionNode = FALSE
	EndGlobalSection
	GlobalSection(NestedProjects) = preSolution
		{F09A661A-8E53-48C8-9AD6-91116B73A7DF} = {66DF9191-0F5A-4968-91EB-0171395F883A}
		{670D91E5-2F9B-40A4-8D00-6A2DD28CFD68} = {F09A661A-8E53-48C8-9AD6-91116B73A7DF}
		{2487CACB-0319-4D95-947D-BFCD0753A18F} = {F09A661A-8E53-48C8-9AD6-91116B73A7DF}
		{A81ABCBC-CEE8-4250-863C-25298DA51831} = {F09A661A-8E53-48C8-9AD6-91116B73A7DF}
		{E48F6ABC-B6C8-4A02-B174-E79809E686E9} = {F09A661A-8E53-48C8-9AD6-91116B73A7DF}
		{16C2FACA-393C-4236-B887-793185D237C5} = {66DF9191-0F5A-4968-91EB-0171395F883A}
		{31AF6C08-F742-4F8C-9465-37F0BF6265F5} = {16C2FACA-393C-4236-B887-793185D237C5}
		{62D484F2-64BE-47C7-B4E1-EC86A50DC430} = {16C2FACA-393C-4236-B887-793185D237C5}
		{E507B2CC-4046-45BB-9756-8C1060E8E3E8} = {16C2FACA-393C-4236-B887-793185D237C5}
		{815CB803-E352-423C-AC2F-3FDA4800098E} = {7DF5B478-630D-42D9-8FEB-9F557750D620}
		{BBED26CB-BF3F-4905-B0B2-15404A3601EA} = {66DF9191-0F5A-4968-91EB-0171395F883A}
		{FE656EC0-A38E-4CE2-950D-22FC685B49BF} = {BBED26CB-BF3F-4905-B0B2-15404A3601EA}
	EndGlobalSection
	GlobalSection(ExtensibilityGlobals) = postSolution
		SolutionGuid = {9DF004C8-838B-4D3C-9EFB-1A0B0ABE3243}
	EndGlobalSection
EndGlobal
